DEPENDENCIES
  netbears_nginx
    path: .
    metadata: true

GRAPH
  apt (6.1.4)
  build-essential (8.0.4)
    mingw (>= 1.1)
    seven_zip (>= 0.0.0)
  chef_nginx (6.1.1)
    build-essential (>= 0.0.0)
    compat_resource (>= 12.16.3)
    ohai (>= 4.1.0)
    yum-epel (>= 0.0.0)
    zypper (>= 0.0.0)
  compat_resource (12.19.0)
  git (8.0.0)
    build-essential (>= 0.0.0)
    homebrew (>= 0.0.0)
  homebrew (4.2.0)
  logrotate (2.2.0)
  mingw (2.0.1)
    seven_zip (>= 0.0.0)
  netbears_nginx (1.0.0)
    build-essential (>= 0.0.0)
    chef_nginx (~> 6.1.1)
    git (>= 0.0.0)
    logrotate (>= 0.0.0)
    php-fpm (~> 0.7.9)
    poise-service (>= 0.0.0)
    sudo (>= 0.0.0)
    systemd (>= 0.0.0)
  ohai (5.2.0)
  php-fpm (0.7.9)
    apt (>= 0.0.0)
    yum (>= 3.0)
  poise (2.8.1)
  poise-service (1.5.2)
    poise (~> 2.0)
  seven_zip (2.0.2)
    windows (>= 1.2.2)
  sudo (4.0.0)
  systemd (3.1.5)
    compat_resource (>= 0.0.0)
  windows (3.4.1)
    ohai (>= 4.0.0)
  yum (5.1.0)
  yum-epel (2.1.2)
    compat_resource (>= 12.16.3)
  zypper (0.4.0)
